
Microsoft Visual Studio Solution File, Format Version 12.00
# Visual Studio for Mac
Project("{FAE04EC0-301F-11D3-BF4B-00C04F79EFBC}") = "Assembly-CSharp", "Assembly-CSharp.csproj", "{537A8D7D-EC09-BED8-DB9C-477E4AE4163A}"
EndProject
Global
	GlobalSection(SolutionConfigurationPlatforms) = preSolution
		Debug|Any CPU = Debug|Any CPU
		Release|Any CPU = Release|Any CPU
	EndGlobalSection
	GlobalSection(ProjectConfigurationPlatforms) = postSolution
		{537A8D7D-EC09-BED8-DB9C-477E4AE4163A}.Debug|Any CPU.ActiveCfg = Debug|Any CPU
		{537A8D7D-EC09-BED8-DB9C-477E4AE4163A}.Debug|Any CPU.Build.0 = Debug|Any CPU
		{537A8D7D-EC09-BED8-DB9C-477E4AE4163A}.Release|Any CPU.ActiveCfg = Release|Any CPU
		{537A8D7D-EC09-BED8-DB9C-477E4AE4163A}.Release|Any CPU.Build.0 = Release|Any CPU
	EndGlobalSection
	GlobalSection(SolutionProperties) = preSolution
		HideSolutionNode = FALSE
	EndGlobalSection
EndGlobal
